// !$*UTF8*$!
{
	archiveVersion = 1;
	classes = {
	};
	objectVersion = 48;
	objects = {

/* Begin PBXBuildFile section */
		4E0978F6207C51E9003727B4 /* Settings.swift in Sources */ = {isa = PBXBuildFile; fileRef = 4E0978F5207C51E9003727B4 /* Settings.swift */; };
		4E1FDD5F207F5145001D88C4 /* DashboardTableViewCell.swift in Sources */ = {isa = PBXBuildFile; fileRef = 4E1FDD5E207F5145001D88C4 /* DashboardTableViewCell.swift */; };
		4E2DE34F207809C30008DCD6 /* OBDentistTypeTableViewCell.swift in Sources */ = {isa = PBXBuildFile; fileRef = 4E2DE34E207809C30008DCD6 /* OBDentistTypeTableViewCell.swift */; };
		4E2DE35220780AFB0008DCD6 /* DentistType.swift in Sources */ = {isa = PBXBuildFile; fileRef = 4E2DE35120780AFB0008DCD6 /* DentistType.swift */; };
		4E2DE354207839250008DCD6 /* DisclaimerViewController.swift in Sources */ = {isa = PBXBuildFile; fileRef = 4E2DE353207839250008DCD6 /* DisclaimerViewController.swift */; };
		4E2DE3562079B0C70008DCD6 /* OBMetricTableViewCell.swift in Sources */ = {isa = PBXBuildFile; fileRef = 4E2DE3552079B0C70008DCD6 /* OBMetricTableViewCell.swift */; };
		4E2DE3582079B12C0008DCD6 /* Metric.swift in Sources */ = {isa = PBXBuildFile; fileRef = 4E2DE3572079B12C0008DCD6 /* Metric.swift */; };
		4E41F9072084355E007639C1 /* DrugListViewController.swift in Sources */ = {isa = PBXBuildFile; fileRef = 4E41F9062084355E007639C1 /* DrugListViewController.swift */; };
		4E4ABA48208752C000CE04D7 /* DosageViewController.swift in Sources */ = {isa = PBXBuildFile; fileRef = 4E4ABA47208752C000CE04D7 /* DosageViewController.swift */; };
		4E781C34206F6AA100CE5A7A /* AppDelegate.swift in Sources */ = {isa = PBXBuildFile; fileRef = 4E781C33206F6AA100CE5A7A /* AppDelegate.swift */; };
		4E781C36206F6AA100CE5A7A /* DashboardViewController.swift in Sources */ = {isa = PBXBuildFile; fileRef = 4E781C35206F6AA100CE5A7A /* DashboardViewController.swift */; };
		4E781C39206F6AA100CE5A7A /* Main.storyboard in Resources */ = {isa = PBXBuildFile; fileRef = 4E781C37206F6AA100CE5A7A /* Main.storyboard */; };
		4E781C3B206F6AA100CE5A7A /* Assets.xcassets in Resources */ = {isa = PBXBuildFile; fileRef = 4E781C3A206F6AA100CE5A7A /* Assets.xcassets */; };
		4E781C3E206F6AA100CE5A7A /* LaunchScreen.storyboard in Resources */ = {isa = PBXBuildFile; fileRef = 4E781C3C206F6AA100CE5A7A /* LaunchScreen.storyboard */; };
		4E8D1A38208182F900B12112 /* DrugModels.swift in Sources */ = {isa = PBXBuildFile; fileRef = 4E8D1A37208182F900B12112 /* DrugModels.swift */; };
		4E8D1A412084286E00B12112 /* drugs.json in Resources */ = {isa = PBXBuildFile; fileRef = 4E8D1A402084286E00B12112 /* drugs.json */; };
		4E9DB70120872F1D00ED3CDE /* FavOrRecentTableViewCell.swift in Sources */ = {isa = PBXBuildFile; fileRef = 4E9DB70020872F1D00ED3CDE /* FavOrRecentTableViewCell.swift */; };
		4ED265DF2084B02700979B04 /* DrugTypeTableViewCell.swift in Sources */ = {isa = PBXBuildFile; fileRef = 4ED265DE2084B02700979B04 /* DrugTypeTableViewCell.swift */; };
		4EDAFD6A2070045C002536C4 /* OnboardingViewController.swift in Sources */ = {isa = PBXBuildFile; fileRef = 4EDAFD692070045C002536C4 /* OnboardingViewController.swift */; };
		4EDAFD6C2070068A002536C4 /* WelcomeViewController.swift in Sources */ = {isa = PBXBuildFile; fileRef = 4EDAFD6B2070068A002536C4 /* WelcomeViewController.swift */; };
		4EDAFD6E207006A4002536C4 /* DentistTypeViewController.swift in Sources */ = {isa = PBXBuildFile; fileRef = 4EDAFD6D207006A4002536C4 /* DentistTypeViewController.swift */; };
		4EDAFD70207006B8002536C4 /* MetricViewController.swift in Sources */ = {isa = PBXBuildFile; fileRef = 4EDAFD6F207006B8002536C4 /* MetricViewController.swift */; };
/* End PBXBuildFile section */

/* Begin PBXFileReference section */
		4E0978F5207C51E9003727B4 /* Settings.swift */ = {isa = PBXFileReference; lastKnownFileType = sourcecode.swift; path = Settings.swift; sourceTree = "<group>"; };
		4E1FDD5E207F5145001D88C4 /* DashboardTableViewCell.swift */ = {isa = PBXFileReference; lastKnownFileType = sourcecode.swift; path = DashboardTableViewCell.swift; sourceTree = "<group>"; };
		4E2DE34E207809C30008DCD6 /* OBDentistTypeTableViewCell.swift */ = {isa = PBXFileReference; lastKnownFileType = sourcecode.swift; path = OBDentistTypeTableViewCell.swift; sourceTree = "<group>"; };
		4E2DE35120780AFB0008DCD6 /* DentistType.swift */ = {isa = PBXFileReference; lastKnownFileType = sourcecode.swift; path = DentistType.swift; sourceTree = "<group>"; };
		4E2DE353207839250008DCD6 /* DisclaimerViewController.swift */ = {isa = PBXFileReference; lastKnownFileType = sourcecode.swift; path = DisclaimerViewController.swift; sourceTree = "<group>"; };
		4E2DE3552079B0C70008DCD6 /* OBMetricTableViewCell.swift */ = {isa = PBXFileReference; lastKnownFileType = sourcecode.swift; path = OBMetricTableViewCell.swift; sourceTree = "<group>"; };
		4E2DE3572079B12C0008DCD6 /* Metric.swift */ = {isa = PBXFileReference; lastKnownFileType = sourcecode.swift; path = Metric.swift; sourceTree = "<group>"; };
		4E41F9062084355E007639C1 /* DrugListViewController.swift */ = {isa = PBXFileReference; lastKnownFileType = sourcecode.swift; path = DrugListViewController.swift; sourceTree = "<group>"; };
		4E4ABA47208752C000CE04D7 /* DosageViewController.swift */ = {isa = PBXFileReference; lastKnownFileType = sourcecode.swift; path = DosageViewController.swift; sourceTree = "<group>"; };
		4E781C30206F6AA100CE5A7A /* Dental Dosage.app */ = {isa = PBXFileReference; explicitFileType = wrapper.application; includeInIndex = 0; path = "Dental Dosage.app"; sourceTree = BUILT_PRODUCTS_DIR; };
		4E781C33206F6AA100CE5A7A /* AppDelegate.swift */ = {isa = PBXFileReference; lastKnownFileType = sourcecode.swift; path = AppDelegate.swift; sourceTree = "<group>"; };
		4E781C35206F6AA100CE5A7A /* DashboardViewController.swift */ = {isa = PBXFileReference; lastKnownFileType = sourcecode.swift; path = DashboardViewController.swift; sourceTree = "<group>"; };
		4E781C38206F6AA100CE5A7A /* Base */ = {isa = PBXFileReference; lastKnownFileType = file.storyboard; name = Base; path = Base.lproj/Main.storyboard; sourceTree = "<group>"; };
		4E781C3A206F6AA100CE5A7A /* Assets.xcassets */ = {isa = PBXFileReference; lastKnownFileType = folder.assetcatalog; path = Assets.xcassets; sourceTree = "<group>"; };
		4E781C3D206F6AA100CE5A7A /* Base */ = {isa = PBXFileReference; lastKnownFileType = file.storyboard; name = Base; path = Base.lproj/LaunchScreen.storyboard; sourceTree = "<group>"; };
		4E781C3F206F6AA100CE5A7A /* Info.plist */ = {isa = PBXFileReference; lastKnownFileType = text.plist.xml; path = Info.plist; sourceTree = "<group>"; };
		4E8D1A37208182F900B12112 /* DrugModels.swift */ = {isa = PBXFileReference; lastKnownFileType = sourcecode.swift; path = DrugModels.swift; sourceTree = "<group>"; };
		4E8D1A402084286E00B12112 /* drugs.json */ = {isa = PBXFileReference; fileEncoding = 4; lastKnownFileType = text.json; name = drugs.json; path = ../../../../../../Downloads/drugs.json; sourceTree = "<group>"; };
		4E9DB70020872F1D00ED3CDE /* FavOrRecentTableViewCell.swift */ = {isa = PBXFileReference; lastKnownFileType = sourcecode.swift; path = FavOrRecentTableViewCell.swift; sourceTree = "<group>"; };
		4ED265DE2084B02700979B04 /* DrugTypeTableViewCell.swift */ = {isa = PBXFileReference; lastKnownFileType = sourcecode.swift; path = DrugTypeTableViewCell.swift; sourceTree = "<group>"; };
		4EDAFD692070045C002536C4 /* OnboardingViewController.swift */ = {isa = PBXFileReference; lastKnownFileType = sourcecode.swift; path = OnboardingViewController.swift; sourceTree = "<group>"; };
		4EDAFD6B2070068A002536C4 /* WelcomeViewController.swift */ = {isa = PBXFileReference; lastKnownFileType = sourcecode.swift; path = WelcomeViewController.swift; sourceTree = "<group>"; };
		4EDAFD6D207006A4002536C4 /* DentistTypeViewController.swift */ = {isa = PBXFileReference; lastKnownFileType = sourcecode.swift; path = DentistTypeViewController.swift; sourceTree = "<group>"; };
		4EDAFD6F207006B8002536C4 /* MetricViewController.swift */ = {isa = PBXFileReference; lastKnownFileType = sourcecode.swift; path = MetricViewController.swift; sourceTree = "<group>"; };
/* End PBXFileReference section */

/* Begin PBXFrameworksBuildPhase section */
		4E781C2D206F6AA100CE5A7A /* Frameworks */ = {
			isa = PBXFrameworksBuildPhase;
			buildActionMask = 2147483647;
			files = (
			);
			runOnlyForDeploymentPostprocessing = 0;
		};
/* End PBXFrameworksBuildPhase section */

/* Begin PBXGroup section */
		4E23D90B207719F800BA8637 /* Controllers */ = {
			isa = PBXGroup;
			children = (
				4E2DE353207839250008DCD6 /* DisclaimerViewController.swift */,
				4EDAFD6B2070068A002536C4 /* WelcomeViewController.swift */,
				4EDAFD6D207006A4002536C4 /* DentistTypeViewController.swift */,
				4EDAFD6F207006B8002536C4 /* MetricViewController.swift */,
				4EDAFD692070045C002536C4 /* OnboardingViewController.swift */,
				4E2DE34E207809C30008DCD6 /* OBDentistTypeTableViewCell.swift */,
				4E2DE3552079B0C70008DCD6 /* OBMetricTableViewCell.swift */,
				4E1FDD5E207F5145001D88C4 /* DashboardTableViewCell.swift */,
				4E781C35206F6AA100CE5A7A /* DashboardViewController.swift */,
				4E41F9062084355E007639C1 /* DrugListViewController.swift */,
				4E9DB70020872F1D00ED3CDE /* FavOrRecentTableViewCell.swift */,
				4ED265DE2084B02700979B04 /* DrugTypeTableViewCell.swift */,
				4E4ABA47208752C000CE04D7 /* DosageViewController.swift */,
			);
			path = Controllers;
			sourceTree = "<group>";
		};
		4E23D90D20771A7B00BA8637 /* Resources */ = {
			isa = PBXGroup;
			children = (
				4E781C3A206F6AA100CE5A7A /* Assets.xcassets */,
			);
			path = Resources;
			sourceTree = "<group>";
		};
		4E2DE35020780AE00008DCD6 /* Models */ = {
			isa = PBXGroup;
			children = (
				4E2DE35120780AFB0008DCD6 /* DentistType.swift */,
				4E2DE3572079B12C0008DCD6 /* Metric.swift */,
				4E0978F5207C51E9003727B4 /* Settings.swift */,
				4E8D1A37208182F900B12112 /* DrugModels.swift */,
			);
			path = Models;
			sourceTree = "<group>";
		};
		4E781C27206F6AA100CE5A7A = {
			isa = PBXGroup;
			children = (
				4E8D1A3B2081839100B12112 /* Data */,
				4E781C32206F6AA100CE5A7A /* Dental Dosage */,
				4E781C31206F6AA100CE5A7A /* Products */,
			);
			sourceTree = "<group>";
		};
		4E781C31206F6AA100CE5A7A /* Products */ = {
			isa = PBXGroup;
			children = (
				4E781C30206F6AA100CE5A7A /* Dental Dosage.app */,
			);
			name = Products;
			sourceTree = "<group>";
		};
		4E781C32206F6AA100CE5A7A /* Dental Dosage */ = {
			isa = PBXGroup;
			children = (
				4E781C33206F6AA100CE5A7A /* AppDelegate.swift */,
				4ED1AD042077212600152642 /* Views */,
				4E23D90B207719F800BA8637 /* Controllers */,
				4E2DE35020780AE00008DCD6 /* Models */,
				4E23D90D20771A7B00BA8637 /* Resources */,
				4E781C3F206F6AA100CE5A7A /* Info.plist */,
			);
			path = "Dental Dosage";
			sourceTree = "<group>";
		};
		4E8D1A3B2081839100B12112 /* Data */ = {
			isa = PBXGroup;
			children = (
				4E8D1A402084286E00B12112 /* drugs.json */,
			);
			path = Data;
			sourceTree = "<group>";
		};
		4ED1AD042077212600152642 /* Views */ = {
			isa = PBXGroup;
			children = (
				4E781C3C206F6AA100CE5A7A /* LaunchScreen.storyboard */,
				4E781C37206F6AA100CE5A7A /* Main.storyboard */,
			);
			path = Views;
			sourceTree = "<group>";
		};
/* End PBXGroup section */

/* Begin PBXNativeTarget section */
		4E781C2F206F6AA100CE5A7A /* Dental Dosage */ = {
			isa = PBXNativeTarget;
			buildConfigurationList = 4E781C42206F6AA100CE5A7A /* Build configuration list for PBXNativeTarget "Dental Dosage" */;
			buildPhases = (
				4E781C2C206F6AA100CE5A7A /* Sources */,
				4E781C2D206F6AA100CE5A7A /* Frameworks */,
				4E781C2E206F6AA100CE5A7A /* Resources */,
			);
			buildRules = (
			);
			dependencies = (
			);
			name = "Dental Dosage";
			productName = "Dental Dosage";
			productReference = 4E781C30206F6AA100CE5A7A /* Dental Dosage.app */;
			productType = "com.apple.product-type.application";
		};
/* End PBXNativeTarget section */

/* Begin PBXProject section */
		4E781C28206F6AA100CE5A7A /* Project object */ = {
			isa = PBXProject;
			attributes = {
				LastSwiftUpdateCheck = 0920;
				LastUpgradeCheck = 0930;
				ORGANIZATIONNAME = BayMonkeys;
				TargetAttributes = {
					4E781C2F206F6AA100CE5A7A = {
						CreatedOnToolsVersion = 9.2;
						LastSwiftMigration = 0920;
						ProvisioningStyle = Automatic;
					};
				};
			};
			buildConfigurationList = 4E781C2B206F6AA100CE5A7A /* Build configuration list for PBXProject "Dental Dosage" */;
			compatibilityVersion = "Xcode 8.0";
			developmentRegion = en;
			hasScannedForEncodings = 0;
			knownRegions = (
				en,
				Base,
			);
			mainGroup = 4E781C27206F6AA100CE5A7A;
			productRefGroup = 4E781C31206F6AA100CE5A7A /* Products */;
			projectDirPath = "";
			projectRoot = "";
			targets = (
				4E781C2F206F6AA100CE5A7A /* Dental Dosage */,
			);
		};
/* End PBXProject section */

/* Begin PBXResourcesBuildPhase section */
		4E781C2E206F6AA100CE5A7A /* Resources */ = {
			isa = PBXResourcesBuildPhase;
			buildActionMask = 2147483647;
			files = (
				4E781C3E206F6AA100CE5A7A /* LaunchScreen.storyboard in Resources */,
				4E781C3B206F6AA100CE5A7A /* Assets.xcassets in Resources */,
				4E781C39206F6AA100CE5A7A /* Main.storyboard in Resources */,
				4E8D1A412084286E00B12112 /* drugs.json in Resources */,
			);
			runOnlyForDeploymentPostprocessing = 0;
		};
/* End PBXResourcesBuildPhase section */

/* Begin PBXSourcesBuildPhase section */
		4E781C2C206F6AA100CE5A7A /* Sources */ = {
			isa = PBXSourcesBuildPhase;
			buildActionMask = 2147483647;
			files = (
				4E9DB70120872F1D00ED3CDE /* FavOrRecentTableViewCell.swift in Sources */,
				4E41F9072084355E007639C1 /* DrugListViewController.swift in Sources */,
				4E2DE3562079B0C70008DCD6 /* OBMetricTableViewCell.swift in Sources */,
				4EDAFD6E207006A4002536C4 /* DentistTypeViewController.swift in Sources */,
				4E2DE35220780AFB0008DCD6 /* DentistType.swift in Sources */,
				4E2DE354207839250008DCD6 /* DisclaimerViewController.swift in Sources */,
				4E781C36206F6AA100CE5A7A /* DashboardViewController.swift in Sources */,
				4E8D1A38208182F900B12112 /* DrugModels.swift in Sources */,
				4E2DE34F207809C30008DCD6 /* OBDentistTypeTableViewCell.swift in Sources */,
				4E0978F6207C51E9003727B4 /* Settings.swift in Sources */,
				4EDAFD6C2070068A002536C4 /* WelcomeViewController.swift in Sources */,
				4E4ABA48208752C000CE04D7 /* DosageViewController.swift in Sources */,
				4E2DE3582079B12C0008DCD6 /* Metric.swift in Sources */,
				4EDAFD6A2070045C002536C4 /* OnboardingViewController.swift in Sources */,
				4E1FDD5F207F5145001D88C4 /* DashboardTableViewCell.swift in Sources */,
				4ED265DF2084B02700979B04 /* DrugTypeTableViewCell.swift in Sources */,
				4EDAFD70207006B8002536C4 /* MetricViewController.swift in Sources */,
				4E781C34206F6AA100CE5A7A /* AppDelegate.swift in Sources */,
			);
			runOnlyForDeploymentPostprocessing = 0;
		};
/* End PBXSourcesBuildPhase section */

/* Begin PBXVariantGroup section */
		4E781C37206F6AA100CE5A7A /* Main.storyboard */ = {
			isa = PBXVariantGroup;
			children = (
				4E781C38206F6AA100CE5A7A /* Base */,
			);
			name = Main.storyboard;
			sourceTree = "<group>";
		};
		4E781C3C206F6AA100CE5A7A /* LaunchScreen.storyboard */ = {
			isa = PBXVariantGroup;
			children = (
				4E781C3D206F6AA100CE5A7A /* Base */,
			);
			name = LaunchScreen.storyboard;
			sourceTree = "<group>";
		};
/* End PBXVariantGroup section */

/* Begin XCBuildConfiguration section */
		4E781C40206F6AA100CE5A7A /* Debug */ = {
			isa = XCBuildConfiguration;
			buildSettings = {
				ALWAYS_SEARCH_USER_PATHS = NO;
				CLANG_ANALYZER_NONNULL = YES;
				CLANG_ANALYZER_NUMBER_OBJECT_CONVERSION = YES_AGGRESSIVE;
				CLANG_CXX_LANGUAGE_STANDARD = "gnu++14";
				CLANG_CXX_LIBRARY = "libc++";
				CLANG_ENABLE_MODULES = YES;
				CLANG_ENABLE_OBJC_ARC = YES;
				CLANG_WARN_BLOCK_CAPTURE_AUTORELEASING = YES;
				CLANG_WARN_BOOL_CONVERSION = YES;
				CLANG_WARN_COMMA = YES;
				CLANG_WARN_CONSTANT_CONVERSION = YES;
				CLANG_WARN_DEPRECATED_OBJC_IMPLEMENTATIONS = YES;
				CLANG_WARN_DIRECT_OBJC_ISA_USAGE = YES_ERROR;
				CLANG_WARN_DOCUMENTATION_COMMENTS = YES;
				CLANG_WARN_EMPTY_BODY = YES;
				CLANG_WARN_ENUM_CONVERSION = YES;
				CLANG_WARN_INFINITE_RECURSION = YES;
				CLANG_WARN_INT_CONVERSION = YES;
				CLANG_WARN_NON_LITERAL_NULL_CONVERSION = YES;
				CLANG_WARN_OBJC_IMPLICIT_RETAIN_SELF = YES;
				CLANG_WARN_OBJC_LITERAL_CONVERSION = YES;
				CLANG_WARN_OBJC_ROOT_CLASS = YES_ERROR;
				CLANG_WARN_RANGE_LOOP_ANALYSIS = YES;
				CLANG_WARN_STRICT_PROTOTYPES = YES;
				CLANG_WARN_SUSPICIOUS_MOVE = YES;
				CLANG_WARN_UNGUARDED_AVAILABILITY = YES_AGGRESSIVE;
				CLANG_WARN_UNREACHABLE_CODE = YES;
				CLANG_WARN__DUPLICATE_METHOD_MATCH = YES;
				CODE_SIGN_IDENTITY = "iPhone Developer";
				COPY_PHASE_STRIP = NO;
				DEBUG_INFORMATION_FORMAT = dwarf;
				ENABLE_STRICT_OBJC_MSGSEND = YES;
				ENABLE_TESTABILITY = YES;
				GCC_C_LANGUAGE_STANDARD = gnu11;
				GCC_DYNAMIC_NO_PIC = NO;
				GCC_NO_COMMON_BLOCKS = YES;
				GCC_OPTIMIZATION_LEVEL = 0;
				GCC_PREPROCESSOR_DEFINITIONS = (
					"DEBUG=1",
					"$(inherited)",
				);
				GCC_WARN_64_TO_32_BIT_CONVERSION = YES;
				GCC_WARN_ABOUT_RETURN_TYPE = YES_ERROR;
				GCC_WARN_UNDECLARED_SELECTOR = YES;
				GCC_WARN_UNINITIALIZED_AUTOS = YES_AGGRESSIVE;
				GCC_WARN_UNUSED_FUNCTION = YES;
				GCC_WARN_UNUSED_VARIABLE = YES;
				IPHONEOS_DEPLOYMENT_TARGET = 11.2;
				MTL_ENABLE_DEBUG_INFO = YES;
				ONLY_ACTIVE_ARCH = YES;
				SDKROOT = iphoneos;
				SWIFT_ACTIVE_COMPILATION_CONDITIONS = DEBUG;
				SWIFT_OPTIMIZATION_LEVEL = "-Onone";
			};
			name = Debug;
		};
		4E781C41206F6AA100CE5A7A /* Release */ = {
			isa = XCBuildConfiguration;
			buildSettings = {
				ALWAYS_SEARCH_USER_PATHS = NO;
				CLANG_ANALYZER_NONNULL = YES;
				CLANG_ANALYZER_NUMBER_OBJECT_CONVERSION = YES_AGGRESSIVE;
				CLANG_CXX_LANGUAGE_STANDARD = "gnu++14";
				CLANG_CXX_LIBRARY = "libc++";
				CLANG_ENABLE_MODULES = YES;
				CLANG_ENABLE_OBJC_ARC = YES;
				CLANG_WARN_BLOCK_CAPTURE_AUTORELEASING = YES;
				CLANG_WARN_BOOL_CONVERSION = YES;
				CLANG_WARN_COMMA = YES;
				CLANG_WARN_CONSTANT_CONVERSION = YES;
				CLANG_WARN_DEPRECATED_OBJC_IMPLEMENTATIONS = YES;
				CLANG_WARN_DIRECT_OBJC_ISA_USAGE = YES_ERROR;
				CLANG_WARN_DOCUMENTATION_COMMENTS = YES;
				CLANG_WARN_EMPTY_BODY = YES;
				CLANG_WARN_ENUM_CONVERSION = YES;
				CLANG_WARN_INFINITE_RECURSION = YES;
				CLANG_WARN_INT_CONVERSION = YES;
				CLANG_WARN_NON_LITERAL_NULL_CONVERSION = YES;
				CLANG_WARN_OBJC_IMPLICIT_RETAIN_SELF = YES;
				CLANG_WARN_OBJC_LITERAL_CONVERSION = YES;
				CLANG_WARN_OBJC_ROOT_CLASS = YES_ERROR;
				CLANG_WARN_RANGE_LOOP_ANALYSIS = YES;
				CLANG_WARN_STRICT_PROTOTYPES = YES;
				CLANG_WARN_SUSPICIOUS_MOVE = YES;
				CLANG_WARN_UNGUARDED_AVAILABILITY = YES_AGGRESSIVE;
				CLANG_WARN_UNREACHABLE_CODE = YES;
				CLANG_WARN__DUPLICATE_METHOD_MATCH = YES;
				CODE_SIGN_IDENTITY = "iPhone Developer";
				COPY_PHASE_STRIP = NO;
				DEBUG_INFORMATION_FORMAT = "dwarf-with-dsym";
				ENABLE_NS_ASSERTIONS = NO;
				ENABLE_STRICT_OBJC_MSGSEND = YES;
				GCC_C_LANGUAGE_STANDARD = gnu11;
				GCC_NO_COMMON_BLOCKS = YES;
				GCC_WARN_64_TO_32_BIT_CONVERSION = YES;
				GCC_WARN_ABOUT_RETURN_TYPE = YES_ERROR;
				GCC_WARN_UNDECLARED_SELECTOR = YES;
				GCC_WARN_UNINITIALIZED_AUTOS = YES_AGGRESSIVE;
				GCC_WARN_UNUSED_FUNCTION = YES;
				GCC_WARN_UNUSED_VARIABLE = YES;
				IPHONEOS_DEPLOYMENT_TARGET = 11.2;
				MTL_ENABLE_DEBUG_INFO = NO;
				SDKROOT = iphoneos;
				SWIFT_OPTIMIZATION_LEVEL = "-Owholemodule";
				VALIDATE_PRODUCT = YES;
			};
			name = Release;
		};
		4E781C43206F6AA100CE5A7A /* Debug */ = {
			isa = XCBuildConfiguration;
			buildSettings = {
				ASSETCATALOG_COMPILER_APPICON_NAME = AppIcon;
				CLANG_ENABLE_MODULES = YES;
				CODE_SIGN_STYLE = Automatic;
				INFOPLIST_FILE = "Dental Dosage/Info.plist";
				LD_RUNPATH_SEARCH_PATHS = "$(inherited) @executable_path/Frameworks";
				PRODUCT_BUNDLE_IDENTIFIER = "com.baymonkeys.Dental-Dosage";
				PRODUCT_NAME = "$(TARGET_NAME)";
				SWIFT_OPTIMIZATION_LEVEL = "-Onone";
				SWIFT_VERSION = 4.0;
				TARGETED_DEVICE_FAMILY = "1,2";
			};
			name = Debug;
		};
		4E781C44206F6AA100CE5A7A /* Release */ = {
			isa = XCBuildConfiguration;
			buildSettings = {
				ASSETCATALOG_COMPILER_APPICON_NAME = AppIcon;
				CLANG_ENABLE_MODULES = YES;
				CODE_SIGN_STYLE = Automatic;
				INFOPLIST_FILE = "Dental Dosage/Info.plist";
				LD_RUNPATH_SEARCH_PATHS = "$(inherited) @executable_path/Frameworks";
				PRODUCT_BUNDLE_IDENTIFIER = "com.baymonkeys.Dental-Dosage";
				PRODUCT_NAME = "$(TARGET_NAME)";
				SWIFT_VERSION = 4.0;
				TARGETED_DEVICE_FAMILY = "1,2";
			};
			name = Release;
		};
/* End XCBuildConfiguration section */

/* Begin XCConfigurationList section */
		4E781C2B206F6AA100CE5A7A /* Build configuration list for PBXProject "Dental Dosage" */ = {
			isa = XCConfigurationList;
			buildConfigurations = (
				4E781C40206F6AA100CE5A7A /* Debug */,
				4E781C41206F6AA100CE5A7A /* Release */,
			);
			defaultConfigurationIsVisible = 0;
			defaultConfigurationName = Release;
		};
		4E781C42206F6AA100CE5A7A /* Build configuration list for PBXNativeTarget "Dental Dosage" */ = {
			isa = XCConfigurationList;
			buildConfigurations = (
				4E781C43206F6AA100CE5A7A /* Debug */,
				4E781C44206F6AA100CE5A7A /* Release */,
			);
			defaultConfigurationIsVisible = 0;
			defaultConfigurationName = Release;
		};
/* End XCConfigurationList section */
	};
	rootObject = 4E781C28206F6AA100CE5A7A /* Project object */;
}
